
Microsoft Visual Studio Solution File, Format Version 12.00
# Visual Studio 15
VisualStudioVersion = 15.0.28307.572
MinimumVisualStudioVersion = 10.0.40219.1
Project("{FAE04EC0-301F-11D3-BF4B-00C04F79EFBC}") = "day4", "day4\day4.csproj", "{0C944DD6-6A06-4584-917D-8AE74D10A721}"
EndProject
Global
	GlobalSection(SolutionConfigurationPlatforms) = preSolution
		Debug|Any CPU = Debug|Any CPU
		Release|Any CPU = Release|Any CPU
	EndGlobalSection
	GlobalSection(ProjectConfigurationPlatforms) = postSolution
		{0C944DD6-6A06-4584-917D-8AE74D10A721}.Debug|Any CPU.ActiveCfg = Debug|Any CPU
		{0C944DD6-6A06-4584-917D-8AE74D10A721}.Debug|Any CPU.Build.0 = Debug|Any CPU
		{0C944DD6-6A06-4584-917D-8AE74D10A721}.Release|Any CPU.ActiveCfg = Release|Any CPU
		{0C944DD6-6A06-4584-917D-8AE74D10A721}.Release|Any CPU.Build.0 = Release|Any CPU
	EndGlobalSection
	GlobalSection(SolutionProperties) = preSolution
		HideSolutionNode = FALSE
	EndGlobalSection
	GlobalSection(ExtensibilityGlobals) = postSolution
		SolutionGuid = {29BFF376-7D7F-43DD-A620-7854E9394495}
	EndGlobalSection
EndGlobal
